
Microsoft Visual Studio Solution File, Format Version 12.00
# Visual Studio 15
VisualStudioVersion = 15.0.28307.572
MinimumVisualStudioVersion = 10.0.40219.1
Project("{9A19103F-16F7-4668-BE54-9A1E7A4F7556}") = "Hubs", "Hubs\Hubs.csproj", "{B350F7EE-A387-4A86-AF49-21407A3476B3}"
EndProject
Project("{FAE04EC0-301F-11D3-BF4B-00C04F79EFBC}") = "Client_SignalR", "Client_SignalR\Client_SignalR.csproj", "{6F863518-AFF2-41E9-8F2A-416EF175E52E}"
EndProject
Project("{FAE04EC0-301F-11D3-BF4B-00C04F79EFBC}") = "SignalR_Server", "SignalR_Server\SignalR_Server.csproj", "{754F6714-D506-4FAC-9C08-467F16F491BD}"
EndProject
Global
	GlobalSection(SolutionConfigurationPlatforms) = preSolution
		Debug|Any CPU = Debug|Any CPU
		Release|Any CPU = Release|Any CPU
	EndGlobalSection
	GlobalSection(ProjectConfigurationPlatforms) = postSolution
		{B350F7EE-A387-4A86-AF49-21407A3476B3}.Debug|Any CPU.ActiveCfg = Debug|Any CPU
		{B350F7EE-A387-4A86-AF49-21407A3476B3}.Debug|Any CPU.Build.0 = Debug|Any CPU
		{B350F7EE-A387-4A86-AF49-21407A3476B3}.Release|Any CPU.ActiveCfg = Release|Any CPU
		{B350F7EE-A387-4A86-AF49-21407A3476B3}.Release|Any CPU.Build.0 = Release|Any CPU
		{6F863518-AFF2-41E9-8F2A-416EF175E52E}.Debug|Any CPU.ActiveCfg = Debug|Any CPU
		{6F863518-AFF2-41E9-8F2A-416EF175E52E}.Debug|Any CPU.Build.0 = Debug|Any CPU
		{6F863518-AFF2-41E9-8F2A-416EF175E52E}.Debug|Any CPU.Deploy.0 = Debug|Any CPU
		{6F863518-AFF2-41E9-8F2A-416EF175E52E}.Release|Any CPU.ActiveCfg = Release|Any CPU
		{6F863518-AFF2-41E9-8F2A-416EF175E52E}.Release|Any CPU.Build.0 = Release|Any CPU
		{6F863518-AFF2-41E9-8F2A-416EF175E52E}.Release|Any CPU.Deploy.0 = Release|Any CPU
		{754F6714-D506-4FAC-9C08-467F16F491BD}.Debug|Any CPU.ActiveCfg = Debug|Any CPU
		{754F6714-D506-4FAC-9C08-467F16F491BD}.Debug|Any CPU.Build.0 = Debug|Any CPU
		{754F6714-D506-4FAC-9C08-467F16F491BD}.Release|Any CPU.ActiveCfg = Release|Any CPU
		{754F6714-D506-4FAC-9C08-467F16F491BD}.Release|Any CPU.Build.0 = Release|Any CPU
	EndGlobalSection
	GlobalSection(SolutionProperties) = preSolution
		HideSolutionNode = FALSE
	EndGlobalSection
	GlobalSection(ExtensibilityGlobals) = postSolution
		SolutionGuid = {E2088140-4E1D-474E-925D-8AFD122EE9F1}
	EndGlobalSection
EndGlobal
